Microsoft Visual Studio Solution File, Format Version 11.00
# Visual Studio 2008

Project("{41B82FDD-04A9-AEAB-6705-C51B1F06DA4B}") = "v 2.0.2", "Assembly-CSharp-firstpass-vs.csproj", "{DC3D6920-1314-45B7-9117-5F8B9CF3DDC3}"
EndProject
Project("{41B82FDD-04A9-AEAB-6705-C51B1F06DA4B}") = "v 2.0.2", "Assembly-CSharp-vs.csproj", "{40A6C6A4-98D1-BD95-1819-6A464136BBBF}"
EndProject
Global
	GlobalSection(SolutionConfigurationPlatforms) = preSolution
		Debug|Any CPU = Debug|Any CPU
		Release|Any CPU = Release|Any CPU
	EndGlobalSection
	GlobalSection(ProjectConfigurationPlatforms) = postSolution
		{DC3D6920-1314-45B7-9117-5F8B9CF3DDC3}.Debug|Any CPU.ActiveCfg = Debug|Any CPU
		{DC3D6920-1314-45B7-9117-5F8B9CF3DDC3}.Debug|Any CPU.Build.0 = Debug|Any CPU
		{DC3D6920-1314-45B7-9117-5F8B9CF3DDC3}.Release|Any CPU.ActiveCfg = Release|Any CPU
		{DC3D6920-1314-45B7-9117-5F8B9CF3DDC3}.Release|Any CPU.Build.0 = Release|Any CPU
		{40A6C6A4-98D1-BD95-1819-6A464136BBBF}.Debug|Any CPU.ActiveCfg = Debug|Any CPU
		{40A6C6A4-98D1-BD95-1819-6A464136BBBF}.Debug|Any CPU.Build.0 = Debug|Any CPU
		{40A6C6A4-98D1-BD95-1819-6A464136BBBF}.Release|Any CPU.ActiveCfg = Release|Any CPU
		{40A6C6A4-98D1-BD95-1819-6A464136BBBF}.Release|Any CPU.Build.0 = Release|Any CPU
	EndGlobalSection
	GlobalSection(SolutionProperties) = preSolution
		HideSolutionNode = FALSE
	EndGlobalSection
				GlobalSection(MonoDevelopProperties) = preSolution
		StartupItem = Assembly-CSharp.csproj
		Policies = $0
		$0.TextStylePolicy = $1
		$1.inheritsSet = null
		$1.scope = text/x-csharp
		$0.CSharpFormattingPolicy = $2
		$2.inheritsSet = Mono
		$2.inheritsScope = text/x-csharp
		$2.scope = text/x-csharp
		$0.TextStylePolicy = $3
		$3.FileWidth = 120
		$3.TabWidth = 4
		$3.EolMarker = Unix
		$3.inheritsSet = Mono
		$3.inheritsScope = text/plain
		$3.scope = text/plain
	EndGlobalSection

EndGlobal
