Microsoft Visual Studio Solution File, Format Version 11.00
# Visual Studio 2008

Project("{AB943594-991F-495A-D8B0-FA5156F4A14E}") = "v 2.0.1", "Assembly-CSharp-firstpass.csproj", "{FAB77F39-BF07-13F7-E35C-6BBA616DB633}"
EndProject
Project("{AB943594-991F-495A-D8B0-FA5156F4A14E}") = "v 2.0.1", "Assembly-CSharp.csproj", "{024E29FD-E2D2-4B67-74EF-C52AB02A29F3}"
EndProject
Project("{AB943594-991F-495A-D8B0-FA5156F4A14E}") = "v 2.0.1", "Assembly-UnityScript-firstpass.unityproj", "{27237B2B-A38B-9FA9-32BA-B29C38D08152}"
EndProject
Project("{AB943594-991F-495A-D8B0-FA5156F4A14E}") = "v 2.0.1", "Assembly-UnityScript.unityproj", "{FE781C7C-5F9F-480F-15BE-3E05325FDAA5}"
EndProject
Global
	GlobalSection(SolutionConfigurationPlatforms) = preSolution
		Debug|Any CPU = Debug|Any CPU
		Release|Any CPU = Release|Any CPU
	EndGlobalSection
	GlobalSection(ProjectConfigurationPlatforms) = postSolution
		{FAB77F39-BF07-13F7-E35C-6BBA616DB633}.Debug|Any CPU.ActiveCfg = Debug|Any CPU
		{FAB77F39-BF07-13F7-E35C-6BBA616DB633}.Debug|Any CPU.Build.0 = Debug|Any CPU
		{FAB77F39-BF07-13F7-E35C-6BBA616DB633}.Release|Any CPU.ActiveCfg = Release|Any CPU
		{FAB77F39-BF07-13F7-E35C-6BBA616DB633}.Release|Any CPU.Build.0 = Release|Any CPU
		{024E29FD-E2D2-4B67-74EF-C52AB02A29F3}.Debug|Any CPU.ActiveCfg = Debug|Any CPU
		{024E29FD-E2D2-4B67-74EF-C52AB02A29F3}.Debug|Any CPU.Build.0 = Debug|Any CPU
		{024E29FD-E2D2-4B67-74EF-C52AB02A29F3}.Release|Any CPU.ActiveCfg = Release|Any CPU
		{024E29FD-E2D2-4B67-74EF-C52AB02A29F3}.Release|Any CPU.Build.0 = Release|Any CPU
		{27237B2B-A38B-9FA9-32BA-B29C38D08152}.Debug|Any CPU.ActiveCfg = Debug|Any CPU
		{27237B2B-A38B-9FA9-32BA-B29C38D08152}.Debug|Any CPU.Build.0 = Debug|Any CPU
		{27237B2B-A38B-9FA9-32BA-B29C38D08152}.Release|Any CPU.ActiveCfg = Release|Any CPU
		{27237B2B-A38B-9FA9-32BA-B29C38D08152}.Release|Any CPU.Build.0 = Release|Any CPU
		{FE781C7C-5F9F-480F-15BE-3E05325FDAA5}.Debug|Any CPU.ActiveCfg = Debug|Any CPU
		{FE781C7C-5F9F-480F-15BE-3E05325FDAA5}.Debug|Any CPU.Build.0 = Debug|Any CPU
		{FE781C7C-5F9F-480F-15BE-3E05325FDAA5}.Release|Any CPU.ActiveCfg = Release|Any CPU
		{FE781C7C-5F9F-480F-15BE-3E05325FDAA5}.Release|Any CPU.Build.0 = Release|Any CPU
	EndGlobalSection
	GlobalSection(SolutionProperties) = preSolution
		HideSolutionNode = FALSE
	EndGlobalSection
		GlobalSection(MonoDevelopProperties) = preSolution
		StartupItem = Assembly-CSharp.csproj
		Policies = $0
		$0.TextStylePolicy = $1
		$1.inheritsSet = null
		$1.scope = text/x-csharp
		$0.CSharpFormattingPolicy = $2
		$2.inheritsSet = Mono
		$2.inheritsScope = text/x-csharp
		$2.scope = text/x-csharp
		$0.TextStylePolicy = $3
		$3.FileWidth = 120
		$3.TabWidth = 4
		$3.EolMarker = Unix
		$3.inheritsSet = Mono
		$3.inheritsScope = text/plain
		$3.scope = text/plain
	EndGlobalSection

EndGlobal
